// !$*UTF8*$!
{
	archiveVersion = 1;
	classes = {
	};
	objectVersion = 50;
	objects = {

/* Begin PBXBuildFile section */
		59B004F326D4F1A3001D569F /* Programmer.swift in Sources */ = {isa = PBXBuildFile; fileRef = 59B004F226D4F1A3001D569F /* Programmer.swift */; };
		59B004F526D4F2B8001D569F /* RowView.swift in Sources */ = {isa = PBXBuildFile; fileRef = 59B004F426D4F2B8001D569F /* RowView.swift */; };
		59B004F726D4F5FA001D569F /* ListView.swift in Sources */ = {isa = PBXBuildFile; fileRef = 59B004F626D4F5FA001D569F /* ListView.swift */; };
		59B004F926D503C0001D569F /* ListDetailView.swift in Sources */ = {isa = PBXBuildFile; fileRef = 59B004F826D503C0001D569F /* ListDetailView.swift */; };
		59D6186726D449530064E18C /* MapView.swift in Sources */ = {isa = PBXBuildFile; fileRef = 59D6186626D449530064E18C /* MapView.swift */; };
		59D6186926D44D140064E18C /* MainView.swift in Sources */ = {isa = PBXBuildFile; fileRef = 59D6186826D44D140064E18C /* MainView.swift */; };
		59E1F9FE26D40039001CD9B1 /* SwiftUITutorialApp.swift in Sources */ = {isa = PBXBuildFile; fileRef = 59E1F9FD26D40039001CD9B1 /* SwiftUITutorialApp.swift */; };
		59E1FA0026D40039001CD9B1 /* ContentView.swift in Sources */ = {isa = PBXBuildFile; fileRef = 59E1F9FF26D40039001CD9B1 /* ContentView.swift */; };
		59E1FA0226D40039001CD9B1 /* Assets.xcassets in Resources */ = {isa = PBXBuildFile; fileRef = 59E1FA0126D40039001CD9B1 /* Assets.xcassets */; };
		59E1FA0526D40039001CD9B1 /* Preview Assets.xcassets in Resources */ = {isa = PBXBuildFile; fileRef = 59E1FA0426D40039001CD9B1 /* Preview Assets.xcassets */; };
		59E1FA1026D4003A001CD9B1 /* SwiftUITutorialTests.swift in Sources */ = {isa = PBXBuildFile; fileRef = 59E1FA0F26D4003A001CD9B1 /* SwiftUITutorialTests.swift */; };
		59E1FA1B26D4003A001CD9B1 /* SwiftUITutorialUITests.swift in Sources */ = {isa = PBXBuildFile; fileRef = 59E1FA1A26D4003A001CD9B1 /* SwiftUITutorialUITests.swift */; };
		59E1FA2926D413C3001CD9B1 /* ImageView.swift in Sources */ = {isa = PBXBuildFile; fileRef = 59E1FA2826D413C3001CD9B1 /* ImageView.swift */; };
		59F26E9F26D567CD00CABAEC /* StateView.swift in Sources */ = {isa = PBXBuildFile; fileRef = 59F26E9E26D567CD00CABAEC /* StateView.swift */; };
		59F26EA126D568FC00CABAEC /* BindingView.swift in Sources */ = {isa = PBXBuildFile; fileRef = 59F26EA026D568FC00CABAEC /* BindingView.swift */; };
		59F26EA326D576A400CABAEC /* EnviromentView.swift in Sources */ = {isa = PBXBuildFile; fileRef = 59F26EA226D576A400CABAEC /* EnviromentView.swift */; };
/* End PBXBuildFile section */

/* Begin PBXContainerItemProxy section */
		59E1FA0C26D4003A001CD9B1 /* PBXContainerItemProxy */ = {
			isa = PBXContainerItemProxy;
			containerPortal = 59E1F9F226D40039001CD9B1 /* Project object */;
			proxyType = 1;
			remoteGlobalIDString = 59E1F9F926D40039001CD9B1;
			remoteInfo = SwiftUITutorial;
		};
		59E1FA1726D4003A001CD9B1 /* PBXContainerItemProxy */ = {
			isa = PBXContainerItemProxy;
			containerPortal = 59E1F9F226D40039001CD9B1 /* Project object */;
			proxyType = 1;
			remoteGlobalIDString = 59E1F9F926D40039001CD9B1;
			remoteInfo = SwiftUITutorial;
		};
/* End PBXContainerItemProxy section */

/* Begin PBXFileReference section */
		59B004F226D4F1A3001D569F /* Programmer.swift */ = {isa = PBXFileReference; lastKnownFileType = sourcecode.swift; path = Programmer.swift; sourceTree = "<group>"; };
		59B004F426D4F2B8001D569F /* RowView.swift */ = {isa = PBXFileReference; lastKnownFileType = sourcecode.swift; path = RowView.swift; sourceTree = "<group>"; };
		59B004F626D4F5FA001D569F /* ListView.swift */ = {isa = PBXFileReference; lastKnownFileType = sourcecode.swift; path = ListView.swift; sourceTree = "<group>"; };
		59B004F826D503C0001D569F /* ListDetailView.swift */ = {isa = PBXFileReference; lastKnownFileType = sourcecode.swift; path = ListDetailView.swift; sourceTree = "<group>"; };
		59D6186626D449530064E18C /* MapView.swift */ = {isa = PBXFileReference; lastKnownFileType = sourcecode.swift; path = MapView.swift; sourceTree = "<group>"; };
		59D6186826D44D140064E18C /* MainView.swift */ = {isa = PBXFileReference; lastKnownFileType = sourcecode.swift; path = MainView.swift; sourceTree = "<group>"; };
		59E1F9FA26D40039001CD9B1 /* SwiftUITutorial.app */ = {isa = PBXFileReference; explicitFileType = wrapper.application; includeInIndex = 0; path = SwiftUITutorial.app; sourceTree = BUILT_PRODUCTS_DIR; };
		59E1F9FD26D40039001CD9B1 /* SwiftUITutorialApp.swift */ = {isa = PBXFileReference; lastKnownFileType = sourcecode.swift; path = SwiftUITutorialApp.swift; sourceTree = "<group>"; };
		59E1F9FF26D40039001CD9B1 /* ContentView.swift */ = {isa = PBXFileReference; lastKnownFileType = sourcecode.swift; path = ContentView.swift; sourceTree = "<group>"; };
		59E1FA0126D40039001CD9B1 /* Assets.xcassets */ = {isa = PBXFileReference; lastKnownFileType = folder.assetcatalog; path = Assets.xcassets; sourceTree = "<group>"; };
		59E1FA0426D40039001CD9B1 /* Preview Assets.xcassets */ = {isa = PBXFileReference; lastKnownFileType = folder.assetcatalog; path = "Preview Assets.xcassets"; sourceTree = "<group>"; };
		59E1FA0626D40039001CD9B1 /* Info.plist */ = {isa = PBXFileReference; lastKnownFileType = text.plist.xml; path = Info.plist; sourceTree = "<group>"; };
		59E1FA0B26D4003A001CD9B1 /* SwiftUITutorialTests.xctest */ = {isa = PBXFileReference; explicitFileType = wrapper.cfbundle; includeInIndex = 0; path = SwiftUITutorialTests.xctest; sourceTree = BUILT_PRODUCTS_DIR; };
		59E1FA0F26D4003A001CD9B1 /* SwiftUITutorialTests.swift */ = {isa = PBXFileReference; lastKnownFileType = sourcecode.swift; path = SwiftUITutorialTests.swift; sourceTree = "<group>"; };
		59E1FA1126D4003A001CD9B1 /* Info.plist */ = {isa = PBXFileReference; lastKnownFileType = text.plist.xml; path = Info.plist; sourceTree = "<group>"; };
		59E1FA1626D4003A001CD9B1 /* SwiftUITutorialUITests.xctest */ = {isa = PBXFileReference; explicitFileType = wrapper.cfbundle; includeInIndex = 0; path = SwiftUITutorialUITests.xctest; sourceTree = BUILT_PRODUCTS_DIR; };
		59E1FA1A26D4003A001CD9B1 /* SwiftUITutorialUITests.swift */ = {isa = PBXFileReference; lastKnownFileType = sourcecode.swift; path = SwiftUITutorialUITests.swift; sourceTree = "<group>"; };
		59E1FA1C26D4003A001CD9B1 /* Info.plist */ = {isa = PBXFileReference; lastKnownFileType = text.plist.xml; path = Info.plist; sourceTree = "<group>"; };
		59E1FA2826D413C3001CD9B1 /* ImageView.swift */ = {isa = PBXFileReference; lastKnownFileType = sourcecode.swift; path = ImageView.swift; sourceTree = "<group>"; };
		59F26E9E26D567CD00CABAEC /* StateView.swift */ = {isa = PBXFileReference; lastKnownFileType = sourcecode.swift; path = StateView.swift; sourceTree = "<group>"; };
		59F26EA026D568FC00CABAEC /* BindingView.swift */ = {isa = PBXFileReference; lastKnownFileType = sourcecode.swift; path = BindingView.swift; sourceTree = "<group>"; };
		59F26EA226D576A400CABAEC /* EnviromentView.swift */ = {isa = PBXFileReference; lastKnownFileType = sourcecode.swift; path = EnviromentView.swift; sourceTree = "<group>"; };
/* End PBXFileReference section */

/* Begin PBXFrameworksBuildPhase section */
		59E1F9F726D40039001CD9B1 /* Frameworks */ = {
			isa = PBXFrameworksBuildPhase;
			buildActionMask = 2147483647;
			files = (
			);
			runOnlyForDeploymentPostprocessing = 0;
		};
		59E1FA0826D4003A001CD9B1 /* Frameworks */ = {
			isa = PBXFrameworksBuildPhase;
			buildActionMask = 2147483647;
			files = (
			);
			runOnlyForDeploymentPostprocessing = 0;
		};
		59E1FA1326D4003A001CD9B1 /* Frameworks */ = {
			isa = PBXFrameworksBuildPhase;
			buildActionMask = 2147483647;
			files = (
			);
			runOnlyForDeploymentPostprocessing = 0;
		};
/* End PBXFrameworksBuildPhase section */

/* Begin PBXGroup section */
		59B004EF26D4F14A001D569F /* Data */ = {
			isa = PBXGroup;
			children = (
				59B004F226D4F1A3001D569F /* Programmer.swift */,
			);
			path = Data;
			sourceTree = "<group>";
		};
		59B004F126D4F175001D569F /* Views */ = {
			isa = PBXGroup;
			children = (
				59E1F9FF26D40039001CD9B1 /* ContentView.swift */,
				59E1FA2826D413C3001CD9B1 /* ImageView.swift */,
				59D6186626D449530064E18C /* MapView.swift */,
				59D6186826D44D140064E18C /* MainView.swift */,
				59B004F426D4F2B8001D569F /* RowView.swift */,
				59B004F626D4F5FA001D569F /* ListView.swift */,
				59B004F826D503C0001D569F /* ListDetailView.swift */,
			);
			path = Views;
			sourceTree = "<group>";
		};
		59E1F9F126D40039001CD9B1 = {
			isa = PBXGroup;
			children = (
				59E1F9FC26D40039001CD9B1 /* SwiftUITutorial */,
				59E1FA0E26D4003A001CD9B1 /* SwiftUITutorialTests */,
				59E1FA1926D4003A001CD9B1 /* SwiftUITutorialUITests */,
				59E1F9FB26D40039001CD9B1 /* Products */,
			);
			sourceTree = "<group>";
		};
		59E1F9FB26D40039001CD9B1 /* Products */ = {
			isa = PBXGroup;
			children = (
				59E1F9FA26D40039001CD9B1 /* SwiftUITutorial.app */,
				59E1FA0B26D4003A001CD9B1 /* SwiftUITutorialTests.xctest */,
				59E1FA1626D4003A001CD9B1 /* SwiftUITutorialUITests.xctest */,
			);
			name = Products;
			sourceTree = "<group>";
		};
		59E1F9FC26D40039001CD9B1 /* SwiftUITutorial */ = {
			isa = PBXGroup;
			children = (
				59F26E9D26D5678A00CABAEC /* PropertyWrappers */,
				59B004F126D4F175001D569F /* Views */,
				59B004EF26D4F14A001D569F /* Data */,
				59E1F9FD26D40039001CD9B1 /* SwiftUITutorialApp.swift */,
				59E1FA0126D40039001CD9B1 /* Assets.xcassets */,
				59E1FA0626D40039001CD9B1 /* Info.plist */,
				59E1FA0326D40039001CD9B1 /* Preview Content */,
			);
			path = SwiftUITutorial;
			sourceTree = "<group>";
		};
		59E1FA0326D40039001CD9B1 /* Preview Content */ = {
			isa = PBXGroup;
			children = (
				59E1FA0426D40039001CD9B1 /* Preview Assets.xcassets */,
			);
			path = "Preview Content";
			sourceTree = "<group>";
		};
		59E1FA0E26D4003A001CD9B1 /* SwiftUITutorialTests */ = {
			isa = PBXGroup;
			children = (
				59E1FA0F26D4003A001CD9B1 /* SwiftUITutorialTests.swift */,
				59E1FA1126D4003A001CD9B1 /* Info.plist */,
			);
			path = SwiftUITutorialTests;
			sourceTree = "<group>";
		};
		59E1FA1926D4003A001CD9B1 /* SwiftUITutorialUITests */ = {
			isa = PBXGroup;
			children = (
				59E1FA1A26D4003A001CD9B1 /* SwiftUITutorialUITests.swift */,
				59E1FA1C26D4003A001CD9B1 /* Info.plist */,
			);
			path = SwiftUITutorialUITests;
			sourceTree = "<group>";
		};
		59F26E9D26D5678A00CABAEC /* PropertyWrappers */ = {
			isa = PBXGroup;
			children = (
				59F26E9E26D567CD00CABAEC /* StateView.swift */,
				59F26EA026D568FC00CABAEC /* BindingView.swift */,
				59F26EA226D576A400CABAEC /* EnviromentView.swift */,
			);
			path = PropertyWrappers;
			sourceTree = "<group>";
		};
/* End PBXGroup section */

/* Begin PBXNativeTarget section */
		59E1F9F926D40039001CD9B1 /* SwiftUITutorial */ = {
			isa = PBXNativeTarget;
			buildConfigurationList = 59E1FA1F26D4003A001CD9B1 /* Build configuration list for PBXNativeTarget "SwiftUITutorial" */;
			buildPhases = (
				59E1F9F626D40039001CD9B1 /* Sources */,
				59E1F9F726D40039001CD9B1 /* Frameworks */,
				59E1F9F826D40039001CD9B1 /* Resources */,
			);
			buildRules = (
			);
			dependencies = (
			);
			name = SwiftUITutorial;
			productName = SwiftUITutorial;
			productReference = 59E1F9FA26D40039001CD9B1 /* SwiftUITutorial.app */;
			productType = "com.apple.product-type.application";
		};
		59E1FA0A26D4003A001CD9B1 /* SwiftUITutorialTests */ = {
			isa = PBXNativeTarget;
			buildConfigurationList = 59E1FA2226D4003A001CD9B1 /* Build configuration list for PBXNativeTarget "SwiftUITutorialTests" */;
			buildPhases = (
				59E1FA0726D4003A001CD9B1 /* Sources */,
				59E1FA0826D4003A001CD9B1 /* Frameworks */,
				59E1FA0926D4003A001CD9B1 /* Resources */,
			);
			buildRules = (
			);
			dependencies = (
				59E1FA0D26D4003A001CD9B1 /* PBXTargetDependency */,
			);
			name = SwiftUITutorialTests;
			productName = SwiftUITutorialTests;
			productReference = 59E1FA0B26D4003A001CD9B1 /* SwiftUITutorialTests.xctest */;
			productType = "com.apple.product-type.bundle.unit-test";
		};
		59E1FA1526D4003A001CD9B1 /* SwiftUITutorialUITests */ = {
			isa = PBXNativeTarget;
			buildConfigurationList = 59E1FA2526D4003A001CD9B1 /* Build configuration list for PBXNativeTarget "SwiftUITutorialUITests" */;
			buildPhases = (
				59E1FA1226D4003A001CD9B1 /* Sources */,
				59E1FA1326D4003A001CD9B1 /* Frameworks */,
				59E1FA1426D4003A001CD9B1 /* Resources */,
			);
			buildRules = (
			);
			dependencies = (
				59E1FA1826D4003A001CD9B1 /* PBXTargetDependency */,
			);
			name = SwiftUITutorialUITests;
			productName = SwiftUITutorialUITests;
			productReference = 59E1FA1626D4003A001CD9B1 /* SwiftUITutorialUITests.xctest */;
			productType = "com.apple.product-type.bundle.ui-testing";
		};
/* End PBXNativeTarget section */

/* Begin PBXProject section */
		59E1F9F226D40039001CD9B1 /* Project object */ = {
			isa = PBXProject;
			attributes = {
				LastSwiftUpdateCheck = 1250;
				LastUpgradeCheck = 1250;
				TargetAttributes = {
					59E1F9F926D40039001CD9B1 = {
						CreatedOnToolsVersion = 12.5.1;
					};
					59E1FA0A26D4003A001CD9B1 = {
						CreatedOnToolsVersion = 12.5.1;
						TestTargetID = 59E1F9F926D40039001CD9B1;
					};
					59E1FA1526D4003A001CD9B1 = {
						CreatedOnToolsVersion = 12.5.1;
						TestTargetID = 59E1F9F926D40039001CD9B1;
					};
				};
			};
			buildConfigurationList = 59E1F9F526D40039001CD9B1 /* Build configuration list for PBXProject "SwiftUITutorial" */;
			compatibilityVersion = "Xcode 9.3";
			developmentRegion = en;
			hasScannedForEncodings = 0;
			knownRegions = (
				en,
				Base,
			);
			mainGroup = 59E1F9F126D40039001CD9B1;
			productRefGroup = 59E1F9FB26D40039001CD9B1 /* Products */;
			projectDirPath = "";
			projectRoot = "";
			targets = (
				59E1F9F926D40039001CD9B1 /* SwiftUITutorial */,
				59E1FA0A26D4003A001CD9B1 /* SwiftUITutorialTests */,
				59E1FA1526D4003A001CD9B1 /* SwiftUITutorialUITests */,
			);
		};
/* End PBXProject section */

/* Begin PBXResourcesBuildPhase section */
		59E1F9F826D40039001CD9B1 /* Resources */ = {
			isa = PBXResourcesBuildPhase;
			buildActionMask = 2147483647;
			files = (
				59E1FA0526D40039001CD9B1 /* Preview Assets.xcassets in Resources */,
				59E1FA0226D40039001CD9B1 /* Assets.xcassets in Resources */,
			);
			runOnlyForDeploymentPostprocessing = 0;
		};
		59E1FA0926D4003A001CD9B1 /* Resources */ = {
			isa = PBXResourcesBuildPhase;
			buildActionMask = 2147483647;
			files = (
			);
			runOnlyForDeploymentPostprocessing = 0;
		};
		59E1FA1426D4003A001CD9B1 /* Resources */ = {
			isa = PBXResourcesBuildPhase;
			buildActionMask = 2147483647;
			files = (
			);
			runOnlyForDeploymentPostprocessing = 0;
		};
/* End PBXResourcesBuildPhase section */

/* Begin PBXSourcesBuildPhase section */
		59E1F9F626D40039001CD9B1 /* Sources */ = {
			isa = PBXSourcesBuildPhase;
			buildActionMask = 2147483647;
			files = (
				59B004F726D4F5FA001D569F /* ListView.swift in Sources */,
				59F26EA126D568FC00CABAEC /* BindingView.swift in Sources */,
				59E1FA2926D413C3001CD9B1 /* ImageView.swift in Sources */,
				59F26E9F26D567CD00CABAEC /* StateView.swift in Sources */,
				59B004F326D4F1A3001D569F /* Programmer.swift in Sources */,
				59F26EA326D576A400CABAEC /* EnviromentView.swift in Sources */,
				59B004F526D4F2B8001D569F /* RowView.swift in Sources */,
				59D6186726D449530064E18C /* MapView.swift in Sources */,
				59E1FA0026D40039001CD9B1 /* ContentView.swift in Sources */,
				59B004F926D503C0001D569F /* ListDetailView.swift in Sources */,
				59D6186926D44D140064E18C /* MainView.swift in Sources */,
				59E1F9FE26D40039001CD9B1 /* SwiftUITutorialApp.swift in Sources */,
			);
			runOnlyForDeploymentPostprocessing = 0;
		};
		59E1FA0726D4003A001CD9B1 /* Sources */ = {
			isa = PBXSourcesBuildPhase;
			buildActionMask = 2147483647;
			files = (
				59E1FA1026D4003A001CD9B1 /* SwiftUITutorialTests.swift in Sources */,
			);
			runOnlyForDeploymentPostprocessing = 0;
		};
		59E1FA1226D4003A001CD9B1 /* Sources */ = {
			isa = PBXSourcesBuildPhase;
			buildActionMask = 2147483647;
			files = (
				59E1FA1B26D4003A001CD9B1 /* SwiftUITutorialUITests.swift in Sources */,
			);
			runOnlyForDeploymentPostprocessing = 0;
		};
/* End PBXSourcesBuildPhase section */

/* Begin PBXTargetDependency section */
		59E1FA0D26D4003A001CD9B1 /* PBXTargetDependency */ = {
			isa = PBXTargetDependency;
			target = 59E1F9F926D40039001CD9B1 /* SwiftUITutorial */;
			targetProxy = 59E1FA0C26D4003A001CD9B1 /* PBXContainerItemProxy */;
		};
		59E1FA1826D4003A001CD9B1 /* PBXTargetDependency */ = {
			isa = PBXTargetDependency;
			target = 59E1F9F926D40039001CD9B1 /* SwiftUITutorial */;
			targetProxy = 59E1FA1726D4003A001CD9B1 /* PBXContainerItemProxy */;
		};
/* End PBXTargetDependency section */

/* Begin XCBuildConfiguration section */
		59E1FA1D26D4003A001CD9B1 /* Debug */ = {
			isa = XCBuildConfiguration;
			buildSettings = {
				ALWAYS_SEARCH_USER_PATHS = NO;
				CLANG_ANALYZER_NONNULL = YES;
				CLANG_ANALYZER_NUMBER_OBJECT_CONVERSION = YES_AGGRESSIVE;
				CLANG_CXX_LANGUAGE_STANDARD = "gnu++14";
				CLANG_CXX_LIBRARY = "libc++";
				CLANG_ENABLE_MODULES = YES;
				CLANG_ENABLE_OBJC_ARC = YES;
				CLANG_ENABLE_OBJC_WEAK = YES;
				CLANG_WARN_BLOCK_CAPTURE_AUTORELEASING = YES;
				CLANG_WARN_BOOL_CONVERSION = YES;
				CLANG_WARN_COMMA = YES;
				CLANG_WARN_CONSTANT_CONVERSION = YES;
				CLANG_WARN_DEPRECATED_OBJC_IMPLEMENTATIONS = YES;
				CLANG_WARN_DIRECT_OBJC_ISA_USAGE = YES_ERROR;
				CLANG_WARN_DOCUMENTATION_COMMENTS = YES;
				CLANG_WARN_EMPTY_BODY = YES;
				CLANG_WARN_ENUM_CONVERSION = YES;
				CLANG_WARN_INFINITE_RECURSION = YES;
				CLANG_WARN_INT_CONVERSION = YES;
				CLANG_WARN_NON_LITERAL_NULL_CONVERSION = YES;
				CLANG_WARN_OBJC_IMPLICIT_RETAIN_SELF = YES;
				CLANG_WARN_OBJC_LITERAL_CONVERSION = YES;
				CLANG_WARN_OBJC_ROOT_CLASS = YES_ERROR;
				CLANG_WARN_QUOTED_INCLUDE_IN_FRAMEWORK_HEADER = YES;
				CLANG_WARN_RANGE_LOOP_ANALYSIS = YES;
				CLANG_WARN_STRICT_PROTOTYPES = YES;
				CLANG_WARN_SUSPICIOUS_MOVE = YES;
				CLANG_WARN_UNGUARDED_AVAILABILITY = YES_AGGRESSIVE;
				CLANG_WARN_UNREACHABLE_CODE = YES;
				CLANG_WARN__DUPLICATE_METHOD_MATCH = YES;
				COPY_PHASE_STRIP = NO;
				DEBUG_INFORMATION_FORMAT = dwarf;
				ENABLE_STRICT_OBJC_MSGSEND = YES;
				ENABLE_TESTABILITY = YES;
				GCC_C_LANGUAGE_STANDARD = gnu11;
				GCC_DYNAMIC_NO_PIC = NO;
				GCC_NO_COMMON_BLOCKS = YES;
				GCC_OPTIMIZATION_LEVEL = 0;
				GCC_PREPROCESSOR_DEFINITIONS = (
					"DEBUG=1",
					"$(inherited)",
				);
				GCC_WARN_64_TO_32_BIT_CONVERSION = YES;
				GCC_WARN_ABOUT_RETURN_TYPE = YES_ERROR;
				GCC_WARN_UNDECLARED_SELECTOR = YES;
				GCC_WARN_UNINITIALIZED_AUTOS = YES_AGGRESSIVE;
				GCC_WARN_UNUSED_FUNCTION = YES;
				GCC_WARN_UNUSED_VARIABLE = YES;
				IPHONEOS_DEPLOYMENT_TARGET = 14.5;
				MTL_ENABLE_DEBUG_INFO = INCLUDE_SOURCE;
				MTL_FAST_MATH = YES;
				ONLY_ACTIVE_ARCH = YES;
				SDKROOT = iphoneos;
				SWIFT_ACTIVE_COMPILATION_CONDITIONS = DEBUG;
				SWIFT_OPTIMIZATION_LEVEL = "-Onone";
			};
			name = Debug;
		};
		59E1FA1E26D4003A001CD9B1 /* Release */ = {
			isa = XCBuildConfiguration;
			buildSettings = {
				ALWAYS_SEARCH_USER_PATHS = NO;
				CLANG_ANALYZER_NONNULL = YES;
				CLANG_ANALYZER_NUMBER_OBJECT_CONVERSION = YES_AGGRESSIVE;
				CLANG_CXX_LANGUAGE_STANDARD = "gnu++14";
				CLANG_CXX_LIBRARY = "libc++";
				CLANG_ENABLE_MODULES = YES;
				CLANG_ENABLE_OBJC_ARC = YES;
				CLANG_ENABLE_OBJC_WEAK = YES;
				CLANG_WARN_BLOCK_CAPTURE_AUTORELEASING = YES;
				CLANG_WARN_BOOL_CONVERSION = YES;
				CLANG_WARN_COMMA = YES;
				CLANG_WARN_CONSTANT_CONVERSION = YES;
				CLANG_WARN_DEPRECATED_OBJC_IMPLEMENTATIONS = YES;
				CLANG_WARN_DIRECT_OBJC_ISA_USAGE = YES_ERROR;
				CLANG_WARN_DOCUMENTATION_COMMENTS = YES;
				CLANG_WARN_EMPTY_BODY = YES;
				CLANG_WARN_ENUM_CONVERSION = YES;
				CLANG_WARN_INFINITE_RECURSION = YES;
				CLANG_WARN_INT_CONVERSION = YES;
				CLANG_WARN_NON_LITERAL_NULL_CONVERSION = YES;
				CLANG_WARN_OBJC_IMPLICIT_RETAIN_SELF = YES;
				CLANG_WARN_OBJC_LITERAL_CONVERSION = YES;
				CLANG_WARN_OBJC_ROOT_CLASS = YES_ERROR;
				CLANG_WARN_QUOTED_INCLUDE_IN_FRAMEWORK_HEADER = YES;
				CLANG_WARN_RANGE_LOOP_ANALYSIS = YES;
				CLANG_WARN_STRICT_PROTOTYPES = YES;
				CLANG_WARN_SUSPICIOUS_MOVE = YES;
				CLANG_WARN_UNGUARDED_AVAILABILITY = YES_AGGRESSIVE;
				CLANG_WARN_UNREACHABLE_CODE = YES;
				CLANG_WARN__DUPLICATE_METHOD_MATCH = YES;
				COPY_PHASE_STRIP = NO;
				DEBUG_INFORMATION_FORMAT = "dwarf-with-dsym";
				ENABLE_NS_ASSERTIONS = NO;
				ENABLE_STRICT_OBJC_MSGSEND = YES;
				GCC_C_LANGUAGE_STANDARD = gnu11;
				GCC_NO_COMMON_BLOCKS = YES;
				GCC_WARN_64_TO_32_BIT_CONVERSION = YES;
				GCC_WARN_ABOUT_RETURN_TYPE = YES_ERROR;
				GCC_WARN_UNDECLARED_SELECTOR = YES;
				GCC_WARN_UNINITIALIZED_AUTOS = YES_AGGRESSIVE;
				GCC_WARN_UNUSED_FUNCTION = YES;
				GCC_WARN_UNUSED_VARIABLE = YES;
				IPHONEOS_DEPLOYMENT_TARGET = 14.5;
				MTL_ENABLE_DEBUG_INFO = NO;
				MTL_FAST_MATH = YES;
				SDKROOT = iphoneos;
				SWIFT_COMPILATION_MODE = wholemodule;
				SWIFT_OPTIMIZATION_LEVEL = "-O";
				VALIDATE_PRODUCT = YES;
			};
			name = Release;
		};
		59E1FA2026D4003A001CD9B1 /* Debug */ = {
			isa = XCBuildConfiguration;
			buildSettings = {
				ASSETCATALOG_COMPILER_APPICON_NAME = AppIcon;
				ASSETCATALOG_COMPILER_GLOBAL_ACCENT_COLOR_NAME = AccentColor;
				CODE_SIGN_STYLE = Automatic;
				DEVELOPMENT_ASSET_PATHS = "\"SwiftUITutorial/Preview Content\"";
				DEVELOPMENT_TEAM = 3ZL99PQC29;
				ENABLE_PREVIEWS = YES;
				INFOPLIST_FILE = SwiftUITutorial/Info.plist;
				IPHONEOS_DEPLOYMENT_TARGET = 14.0;
				LD_RUNPATH_SEARCH_PATHS = (
					"$(inherited)",
					"@executable_path/Frameworks",
				);
				PRODUCT_BUNDLE_IDENTIFIER = com.jsisques.SwiftUITutorial;
				PRODUCT_NAME = "$(TARGET_NAME)";
				SWIFT_VERSION = 5.0;
				TARGETED_DEVICE_FAMILY = "1,2";
			};
			name = Debug;
		};
		59E1FA2126D4003A001CD9B1 /* Release */ = {
			isa = XCBuildConfiguration;
			buildSettings = {
				ASSETCATALOG_COMPILER_APPICON_NAME = AppIcon;
				ASSETCATALOG_COMPILER_GLOBAL_ACCENT_COLOR_NAME = AccentColor;
				CODE_SIGN_STYLE = Automatic;
				DEVELOPMENT_ASSET_PATHS = "\"SwiftUITutorial/Preview Content\"";
				DEVELOPMENT_TEAM = 3ZL99PQC29;
				ENABLE_PREVIEWS = YES;
				INFOPLIST_FILE = SwiftUITutorial/Info.plist;
				IPHONEOS_DEPLOYMENT_TARGET = 14.0;
				LD_RUNPATH_SEARCH_PATHS = (
					"$(inherited)",
					"@executable_path/Frameworks",
				);
				PRODUCT_BUNDLE_IDENTIFIER = com.jsisques.SwiftUITutorial;
				PRODUCT_NAME = "$(TARGET_NAME)";
				SWIFT_VERSION = 5.0;
				TARGETED_DEVICE_FAMILY = "1,2";
			};
			name = Release;
		};
		59E1FA2326D4003A001CD9B1 /* Debug */ = {
			isa = XCBuildConfiguration;
			buildSettings = {
				ALWAYS_EMBED_SWIFT_STANDARD_LIBRARIES = YES;
				BUNDLE_LOADER = "$(TEST_HOST)";
				CODE_SIGN_STYLE = Automatic;
				DEVELOPMENT_TEAM = 3ZL99PQC29;
				INFOPLIST_FILE = SwiftUITutorialTests/Info.plist;
				IPHONEOS_DEPLOYMENT_TARGET = 14.0;
				LD_RUNPATH_SEARCH_PATHS = (
					"$(inherited)",
					"@executable_path/Frameworks",
					"@loader_path/Frameworks",
				);
				PRODUCT_BUNDLE_IDENTIFIER = com.jsisques.SwiftUITutorialTests;
				PRODUCT_NAME = "$(TARGET_NAME)";
				SWIFT_VERSION = 5.0;
				TARGETED_DEVICE_FAMILY = "1,2";
				TEST_HOST = "$(BUILT_PRODUCTS_DIR)/SwiftUITutorial.app/SwiftUITutorial";
			};
			name = Debug;
		};
		59E1FA2426D4003A001CD9B1 /* Release */ = {
			isa = XCBuildConfiguration;
			buildSettings = {
				ALWAYS_EMBED_SWIFT_STANDARD_LIBRARIES = YES;
				BUNDLE_LOADER = "$(TEST_HOST)";
				CODE_SIGN_STYLE = Automatic;
				DEVELOPMENT_TEAM = 3ZL99PQC29;
				INFOPLIST_FILE = SwiftUITutorialTests/Info.plist;
				IPHONEOS_DEPLOYMENT_TARGET = 14.0;
				LD_RUNPATH_SEARCH_PATHS = (
					"$(inherited)",
					"@executable_path/Frameworks",
					"@loader_path/Frameworks",
				);
				PRODUCT_BUNDLE_IDENTIFIER = com.jsisques.SwiftUITutorialTests;
				PRODUCT_NAME = "$(TARGET_NAME)";
				SWIFT_VERSION = 5.0;
				TARGETED_DEVICE_FAMILY = "1,2";
				TEST_HOST = "$(BUILT_PRODUCTS_DIR)/SwiftUITutorial.app/SwiftUITutorial";
			};
			name = Release;
		};
		59E1FA2626D4003A001CD9B1 /* Debug */ = {
			isa = XCBuildConfiguration;
			buildSettings = {
				ALWAYS_EMBED_SWIFT_STANDARD_LIBRARIES = YES;
				CODE_SIGN_STYLE = Automatic;
				DEVELOPMENT_TEAM = 3ZL99PQC29;
				INFOPLIST_FILE = SwiftUITutorialUITests/Info.plist;
				LD_RUNPATH_SEARCH_PATHS = (
					"$(inherited)",
					"@executable_path/Frameworks",
					"@loader_path/Frameworks",
				);
				PRODUCT_BUNDLE_IDENTIFIER = com.jsisques.SwiftUITutorialUITests;
				PRODUCT_NAME = "$(TARGET_NAME)";
				SWIFT_VERSION = 5.0;
				TARGETED_DEVICE_FAMILY = "1,2";
				TEST_TARGET_NAME = SwiftUITutorial;
			};
			name = Debug;
		};
		59E1FA2726D4003A001CD9B1 /* Release */ = {
			isa = XCBuildConfiguration;
			buildSettings = {
				ALWAYS_EMBED_SWIFT_STANDARD_LIBRARIES = YES;
				CODE_SIGN_STYLE = Automatic;
				DEVELOPMENT_TEAM = 3ZL99PQC29;
				INFOPLIST_FILE = SwiftUITutorialUITests/Info.plist;
				LD_RUNPATH_SEARCH_PATHS = (
					"$(inherited)",
					"@executable_path/Frameworks",
					"@loader_path/Frameworks",
				);
				PRODUCT_BUNDLE_IDENTIFIER = com.jsisques.SwiftUITutorialUITests;
				PRODUCT_NAME = "$(TARGET_NAME)";
				SWIFT_VERSION = 5.0;
				TARGETED_DEVICE_FAMILY = "1,2";
				TEST_TARGET_NAME = SwiftUITutorial;
			};
			name = Release;
		};
/* End XCBuildConfiguration section */

/* Begin XCConfigurationList section */
		59E1F9F526D40039001CD9B1 /* Build configuration list for PBXProject "SwiftUITutorial" */ = {
			isa = XCConfigurationList;
			buildConfigurations = (
				59E1FA1D26D4003A001CD9B1 /* Debug */,
				59E1FA1E26D4003A001CD9B1 /* Release */,
			);
			defaultConfigurationIsVisible = 0;
			defaultConfigurationName = Release;
		};
		59E1FA1F26D4003A001CD9B1 /* Build configuration list for PBXNativeTarget "SwiftUITutorial" */ = {
			isa = XCConfigurationList;
			buildConfigurations = (
				59E1FA2026D4003A001CD9B1 /* Debug */,
				59E1FA2126D4003A001CD9B1 /* Release */,
			);
			defaultConfigurationIsVisible = 0;
			defaultConfigurationName = Release;
		};
		59E1FA2226D4003A001CD9B1 /* Build configuration list for PBXNativeTarget "SwiftUITutorialTests" */ = {
			isa = XCConfigurationList;
			buildConfigurations = (
				59E1FA2326D4003A001CD9B1 /* Debug */,
				59E1FA2426D4003A001CD9B1 /* Release */,
			);
			defaultConfigurationIsVisible = 0;
			defaultConfigurationName = Release;
		};
		59E1FA2526D4003A001CD9B1 /* Build configuration list for PBXNativeTarget "SwiftUITutorialUITests" */ = {
			isa = XCConfigurationList;
			buildConfigurations = (
				59E1FA2626D4003A001CD9B1 /* Debug */,
				59E1FA2726D4003A001CD9B1 /* Release */,
			);
			defaultConfigurationIsVisible = 0;
			defaultConfigurationName = Release;
		};
/* End XCConfigurationList section */
	};
	rootObject = 59E1F9F226D40039001CD9B1 /* Project object */;
}
